{
  "requires": true,
  "lockfileVersion": 1,
  "dependencies": {
    "typeface-dancing-script": {
      "version": "1.1.4",
      "resolved": "https://registry.npmjs.org/typeface-dancing-script/-/typeface-dancing-script-1.1.4.tgz",
      "integrity": "sha512-t9TxqyOwyT+pU3FvhZABwgPmKa5gDBNlS/JGwF/TKiHMqGjgrGVu6vHT/XQFMHEpYIQzOMHjh0G2ShJGaZ0kHQ=="
    },
    "typeface-quicksand": {
      "version": "1.1.4",
      "resolved": "https://registry.npmjs.org/typeface-quicksand/-/typeface-quicksand-1.1.4.tgz",
      "integrity": "sha512-J/dTQI5g6V8kK1M38FNn+eHVzImtQtOvVaWA/QU3BNHdx+0NSMh3DL6Ub4CFEo2k5/QAw9vppWMbLVg4vGyXGw=="
    }
  }
}
